
Microsoft Visual Studio Solution File, Format Version 12.00
# Visual Studio Version 17
VisualStudioVersion = 17.4.33205.214
MinimumVisualStudioVersion = 10.0.40219.1
Project("{FAE04EC0-301F-11D3-BF4B-00C04F79EFBC}") = "TpPoint", "TpPoint\TpPoint.csproj", "{5DD26D0E-6348-497A-9FB8-B72661B235A4}"
EndProject
Global
	GlobalSection(SolutionConfigurationPlatforms) = preSolution
		Debug|Any CPU = Debug|Any CPU
		Release|Any CPU = Release|Any CPU
	EndGlobalSection
	GlobalSection(ProjectConfigurationPlatforms) = postSolution
		{5DD26D0E-6348-497A-9FB8-B72661B235A4}.Debug|Any CPU.ActiveCfg = Debug|Any CPU
		{5DD26D0E-6348-497A-9FB8-B72661B235A4}.Debug|Any CPU.Build.0 = Debug|Any CPU
		{5DD26D0E-6348-497A-9FB8-B72661B235A4}.Release|Any CPU.ActiveCfg = Release|Any CPU
		{5DD26D0E-6348-497A-9FB8-B72661B235A4}.Release|Any CPU.Build.0 = Release|Any CPU
	EndGlobalSection
	GlobalSection(SolutionProperties) = preSolution
		HideSolutionNode = FALSE
	EndGlobalSection
	GlobalSection(ExtensibilityGlobals) = postSolution
		SolutionGuid = {6FB63EE7-2F04-4423-B62D-3AE5E10007EE}
	EndGlobalSection
EndGlobal
